
Microsoft Visual Studio Solution File, Format Version 12.00
# Visual Studio Version 16
VisualStudioVersion = 16.0.30011.22
MinimumVisualStudioVersion = 10.0.40219.1
Project("{FAE04EC0-301F-11D3-BF4B-00C04F79EFBC}") = "epayNepal.Android", "epayNepal\epayNepal.Android\epayNepal.Android.csproj", "{AD7EF7C0-7FF5-4344-AC03-A4FE3C5A91F8}"
EndProject
Project("{FAE04EC0-301F-11D3-BF4B-00C04F79EFBC}") = "epayNepal.iOS", "epayNepal\epayNepal.iOS\epayNepal.iOS.csproj", "{1EB73E5C-53FC-4E56-B789-65E485ED6A4B}"
EndProject
Project("{FAE04EC0-301F-11D3-BF4B-00C04F79EFBC}") = "epayNepal", "epayNepal\epayNepal\epayNepal.csproj", "{BFBAEA4C-BE00-41F3-9A33-7C332DC10ABD}"
EndProject
Global
	GlobalSection(SolutionConfigurationPlatforms) = preSolution
		Debug|Any CPU = Debug|Any CPU
		Debug|iPhone = Debug|iPhone
		Debug|iPhoneSimulator = Debug|iPhoneSimulator
		Release|Any CPU = Release|Any CPU
		Release|iPhone = Release|iPhone
		Release|iPhoneSimulator = Release|iPhoneSimulator
	EndGlobalSection
	GlobalSection(ProjectConfigurationPlatforms) = postSolution
		{AD7EF7C0-7FF5-4344-AC03-A4FE3C5A91F8}.Debug|Any CPU.ActiveCfg = Debug|Any CPU
		{AD7EF7C0-7FF5-4344-AC03-A4FE3C5A91F8}.Debug|Any CPU.Build.0 = Debug|Any CPU
		{AD7EF7C0-7FF5-4344-AC03-A4FE3C5A91F8}.Debug|Any CPU.Deploy.0 = Debug|Any CPU
		{AD7EF7C0-7FF5-4344-AC03-A4FE3C5A91F8}.Debug|iPhone.ActiveCfg = Debug|Any CPU
		{AD7EF7C0-7FF5-4344-AC03-A4FE3C5A91F8}.Debug|iPhone.Build.0 = Debug|Any CPU
		{AD7EF7C0-7FF5-4344-AC03-A4FE3C5A91F8}.Debug|iPhone.Deploy.0 = Debug|Any CPU
		{AD7EF7C0-7FF5-4344-AC03-A4FE3C5A91F8}.Debug|iPhoneSimulator.ActiveCfg = Debug|Any CPU
		{AD7EF7C0-7FF5-4344-AC03-A4FE3C5A91F8}.Debug|iPhoneSimulator.Build.0 = Debug|Any CPU
		{AD7EF7C0-7FF5-4344-AC03-A4FE3C5A91F8}.Debug|iPhoneSimulator.Deploy.0 = Debug|Any CPU
		{AD7EF7C0-7FF5-4344-AC03-A4FE3C5A91F8}.Release|Any CPU.ActiveCfg = Release|Any CPU
		{AD7EF7C0-7FF5-4344-AC03-A4FE3C5A91F8}.Release|Any CPU.Build.0 = Release|Any CPU
		{AD7EF7C0-7FF5-4344-AC03-A4FE3C5A91F8}.Release|Any CPU.Deploy.0 = Release|Any CPU
		{AD7EF7C0-7FF5-4344-AC03-A4FE3C5A91F8}.Release|iPhone.ActiveCfg = Release|Any CPU
		{AD7EF7C0-7FF5-4344-AC03-A4FE3C5A91F8}.Release|iPhone.Build.0 = Release|Any CPU
		{AD7EF7C0-7FF5-4344-AC03-A4FE3C5A91F8}.Release|iPhone.Deploy.0 = Release|Any CPU
		{AD7EF7C0-7FF5-4344-AC03-A4FE3C5A91F8}.Release|iPhoneSimulator.ActiveCfg = Release|Any CPU
		{AD7EF7C0-7FF5-4344-AC03-A4FE3C5A91F8}.Release|iPhoneSimulator.Build.0 = Release|Any CPU
		{AD7EF7C0-7FF5-4344-AC03-A4FE3C5A91F8}.Release|iPhoneSimulator.Deploy.0 = Release|Any CPU
		{1EB73E5C-53FC-4E56-B789-65E485ED6A4B}.Debug|Any CPU.ActiveCfg = Debug|iPhone
		{1EB73E5C-53FC-4E56-B789-65E485ED6A4B}.Debug|Any CPU.Build.0 = Debug|iPhone
		{1EB73E5C-53FC-4E56-B789-65E485ED6A4B}.Debug|Any CPU.Deploy.0 = Debug|iPhone
		{1EB73E5C-53FC-4E56-B789-65E485ED6A4B}.Debug|iPhone.ActiveCfg = Debug|iPhone
		{1EB73E5C-53FC-4E56-B789-65E485ED6A4B}.Debug|iPhone.Build.0 = Debug|iPhone
		{1EB73E5C-53FC-4E56-B789-65E485ED6A4B}.Debug|iPhone.Deploy.0 = Debug|iPhone
		{1EB73E5C-53FC-4E56-B789-65E485ED6A4B}.Debug|iPhoneSimulator.ActiveCfg = Debug|iPhoneSimulator
		{1EB73E5C-53FC-4E56-B789-65E485ED6A4B}.Debug|iPhoneSimulator.Build.0 = Debug|iPhoneSimulator
		{1EB73E5C-53FC-4E56-B789-65E485ED6A4B}.Debug|iPhoneSimulator.Deploy.0 = Debug|iPhoneSimulator
		{1EB73E5C-53FC-4E56-B789-65E485ED6A4B}.Release|Any CPU.ActiveCfg = Release|iPhone
		{1EB73E5C-53FC-4E56-B789-65E485ED6A4B}.Release|Any CPU.Build.0 = Release|iPhone
		{1EB73E5C-53FC-4E56-B789-65E485ED6A4B}.Release|Any CPU.Deploy.0 = Release|iPhone
		{1EB73E5C-53FC-4E56-B789-65E485ED6A4B}.Release|iPhone.ActiveCfg = Release|iPhone
		{1EB73E5C-53FC-4E56-B789-65E485ED6A4B}.Release|iPhone.Build.0 = Release|iPhone
		{1EB73E5C-53FC-4E56-B789-65E485ED6A4B}.Release|iPhone.Deploy.0 = Release|iPhone
		{1EB73E5C-53FC-4E56-B789-65E485ED6A4B}.Release|iPhoneSimulator.ActiveCfg = Release|iPhoneSimulator
		{1EB73E5C-53FC-4E56-B789-65E485ED6A4B}.Release|iPhoneSimulator.Build.0 = Release|iPhoneSimulator
		{1EB73E5C-53FC-4E56-B789-65E485ED6A4B}.Release|iPhoneSimulator.Deploy.0 = Release|iPhoneSimulator
		{BFBAEA4C-BE00-41F3-9A33-7C332DC10ABD}.Debug|Any CPU.ActiveCfg = Debug|Any CPU
		{BFBAEA4C-BE00-41F3-9A33-7C332DC10ABD}.Debug|Any CPU.Build.0 = Debug|Any CPU
		{BFBAEA4C-BE00-41F3-9A33-7C332DC10ABD}.Debug|Any CPU.Deploy.0 = Debug|Any CPU
		{BFBAEA4C-BE00-41F3-9A33-7C332DC10ABD}.Debug|iPhone.ActiveCfg = Debug|Any CPU
		{BFBAEA4C-BE00-41F3-9A33-7C332DC10ABD}.Debug|iPhone.Build.0 = Debug|Any CPU
		{BFBAEA4C-BE00-41F3-9A33-7C332DC10ABD}.Debug|iPhone.Deploy.0 = Debug|Any CPU
		{BFBAEA4C-BE00-41F3-9A33-7C332DC10ABD}.Debug|iPhoneSimulator.ActiveCfg = Debug|Any CPU
		{BFBAEA4C-BE00-41F3-9A33-7C332DC10ABD}.Debug|iPhoneSimulator.Build.0 = Debug|Any CPU
		{BFBAEA4C-BE00-41F3-9A33-7C332DC10ABD}.Debug|iPhoneSimulator.Deploy.0 = Debug|Any CPU
		{BFBAEA4C-BE00-41F3-9A33-7C332DC10ABD}.Release|Any CPU.ActiveCfg = Release|Any CPU
		{BFBAEA4C-BE00-41F3-9A33-7C332DC10ABD}.Release|Any CPU.Build.0 = Release|Any CPU
		{BFBAEA4C-BE00-41F3-9A33-7C332DC10ABD}.Release|Any CPU.Deploy.0 = Release|Any CPU
		{BFBAEA4C-BE00-41F3-9A33-7C332DC10ABD}.Release|iPhone.ActiveCfg = Release|Any CPU
		{BFBAEA4C-BE00-41F3-9A33-7C332DC10ABD}.Release|iPhone.Build.0 = Release|Any CPU
		{BFBAEA4C-BE00-41F3-9A33-7C332DC10ABD}.Release|iPhone.Deploy.0 = Release|Any CPU
		{BFBAEA4C-BE00-41F3-9A33-7C332DC10ABD}.Release|iPhoneSimulator.ActiveCfg = Release|Any CPU
		{BFBAEA4C-BE00-41F3-9A33-7C332DC10ABD}.Release|iPhoneSimulator.Build.0 = Release|Any CPU
		{BFBAEA4C-BE00-41F3-9A33-7C332DC10ABD}.Release|iPhoneSimulator.Deploy.0 = Release|Any CPU
	EndGlobalSection
	GlobalSection(SolutionProperties) = preSolution
		HideSolutionNode = FALSE
	EndGlobalSection
	GlobalSection(ExtensibilityGlobals) = postSolution
		SolutionGuid = {EB731611-BC9C-4362-A5E6-AFCF230F6342}
	EndGlobalSection
EndGlobal
